
Microsoft Visual Studio Solution File, Format Version 12.00
# Visual Studio Version 17
VisualStudioVersion = 17.8.34408.163
MinimumVisualStudioVersion = 10.0.40219.1
Project("{FAE04EC0-301F-11D3-BF4B-00C04F79EFBC}") = "TierZooAPI", "TierZooAPI.csproj", "{1BCEB554-8FCC-4535-87A2-01150074CF6C}"
EndProject
Global
	GlobalSection(SolutionConfigurationPlatforms) = preSolution
		Debug|Any CPU = Debug|Any CPU
		Release|Any CPU = Release|Any CPU
	EndGlobalSection
	GlobalSection(ProjectConfigurationPlatforms) = postSolution
		{1BCEB554-8FCC-4535-87A2-01150074CF6C}.Debug|Any CPU.ActiveCfg = Debug|Any CPU
		{1BCEB554-8FCC-4535-87A2-01150074CF6C}.Debug|Any CPU.Build.0 = Debug|Any CPU
		{1BCEB554-8FCC-4535-87A2-01150074CF6C}.Release|Any CPU.ActiveCfg = Release|Any CPU
		{1BCEB554-8FCC-4535-87A2-01150074CF6C}.Release|Any CPU.Build.0 = Release|Any CPU
	EndGlobalSection
	GlobalSection(SolutionProperties) = preSolution
		HideSolutionNode = FALSE
	EndGlobalSection
	GlobalSection(ExtensibilityGlobals) = postSolution
		SolutionGuid = {3DE7B1FC-5731-4974-BBB5-A2F709784CB4}
	EndGlobalSection
EndGlobal
